{
  "version": 4,
  "terraform_version": "1.7.4",
  "serial": 1,
  "lineage": "95c4c225-2572-2f30-cd6e-0697d9f4f467",
  "outputs": {},
  "resources": [
    {
      "mode": "managed",
      "type": "local_file",
      "name": "test2",
      "provider": "provider[\"registry.terraform.io/hashicorp/local\"]",
      "instances": [
        {
          "schema_version": 0,
          "attributes": {
            "content": "This is a test",
            "content_base64": null,
            "content_base64sha256": "x74e2QL7jdTUiZfGRS9dflCfvNvigIsWvPTtzkwH0U4=",
            "content_base64sha512": "oCjU90tgK6ResKk8mkZ3JA3PKBoakyLxg70y8L7YLsct6cOVey9MmhzPftFPhdc0mN84AX5wPUfrufCzvxFvaQ==",
            "content_md5": "ce114e4501d2f4e2dcea3e17b546f339",
            "content_sha1": "a54d88e06612d820bc3be72877c74f257b561b19",
            "content_sha256": "c7be1ed902fb8dd4d48997c6452f5d7e509fbcdbe2808b16bcf4edce4c07d14e",
            "content_sha512": "a028d4f74b602ba45eb0a93c9a4677240dcf281a1a9322f183bd32f0bed82ec72de9c3957b2f4c9a1ccf7ed14f85d73498df38017e703d47ebb9f0b3bf116f69",
            "directory_permission": "0777",
            "file_permission": "0777",
            "filename": "/Documents/test2.txt",
            "id": "a54d88e06612d820bc3be72877c74f257b561b19",
            "sensitive_content": null,
            "source": null
          },
          "sensitive_attributes": []
        }
      ]
    }
  ],
  "check_results": null
}
